
Microsoft Visual Studio Solution File, Format Version 12.00
# Visual Studio Version 17
VisualStudioVersion = 17.3.32804.467
MinimumVisualStudioVersion = 10.0.40219.1
Project("{FAE04EC0-301F-11D3-BF4B-00C04F79EFBC}") = "SudentManagementSystem", "SudentManagementSystem\SudentManagementSystem.csproj", "{3EB9CBEB-51A8-41AF-9E3D-A66444D083A2}"
EndProject
Global
	GlobalSection(SolutionConfigurationPlatforms) = preSolution
		Debug|Any CPU = Debug|Any CPU
		Release|Any CPU = Release|Any CPU
	EndGlobalSection
	GlobalSection(ProjectConfigurationPlatforms) = postSolution
		{3EB9CBEB-51A8-41AF-9E3D-A66444D083A2}.Debug|Any CPU.ActiveCfg = Debug|Any CPU
		{3EB9CBEB-51A8-41AF-9E3D-A66444D083A2}.Debug|Any CPU.Build.0 = Debug|Any CPU
		{3EB9CBEB-51A8-41AF-9E3D-A66444D083A2}.Release|Any CPU.ActiveCfg = Release|Any CPU
		{3EB9CBEB-51A8-41AF-9E3D-A66444D083A2}.Release|Any CPU.Build.0 = Release|Any CPU
	EndGlobalSection
	GlobalSection(SolutionProperties) = preSolution
		HideSolutionNode = FALSE
	EndGlobalSection
	GlobalSection(ExtensibilityGlobals) = postSolution
		SolutionGuid = {372C71F8-016C-4272-96D5-FCAC7820C10C}
	EndGlobalSection
EndGlobal
